
Microsoft Visual Studio Solution File, Format Version 12.00
# Visual Studio Version 17
VisualStudioVersion = 17.2.32526.322
MinimumVisualStudioVersion = 10.0.40219.1
Project("{2150E333-8FDC-42A3-9474-1A3956D46DE8}") = "src", "src", "{1E8E4EED-039C-4C04-AB58-1948DBB4D22C}"
EndProject
Project("{9A19103F-16F7-4668-BE54-9A1E7A4F7556}") = "SrBatata.WebAPI", "src\SrBatata.WebAPI\SrBatata.WebAPI.csproj", "{BBB1E2F5-53BD-49FA-974F-90DD3F307BF3}"
	ProjectSection(ProjectDependencies) = postProject
		{7B95AA70-748D-4299-A774-5C6198F306F3} = {7B95AA70-748D-4299-A774-5C6198F306F3}
	EndProjectSection
EndProject
Project("{9A19103F-16F7-4668-BE54-9A1E7A4F7556}") = "Resources", "Resources\Resources.csproj", "{D7C1B027-06BA-4AED-9A7E-9A0D694A8371}"
EndProject
Project("{9A19103F-16F7-4668-BE54-9A1E7A4F7556}") = "SrBatata.AnimalEncyclopedia", "src\SrBatata.AnimalEncyclopedia\SrBatata.AnimalEncyclopedia.csproj", "{7B95AA70-748D-4299-A774-5C6198F306F3}"
EndProject
Project("{9A19103F-16F7-4668-BE54-9A1E7A4F7556}") = "SrBatata.Abstractions.DataAccess", "src\SrBatata.Abstractions.DataAccess\SrBatata.Abstractions.DataAccess.csproj", "{B27F7803-DB3B-4DA6-85FE-10BDAA256D2A}"
EndProject
Global
	GlobalSection(SolutionConfigurationPlatforms) = preSolution
		Debug|Any CPU = Debug|Any CPU
		Release|Any CPU = Release|Any CPU
	EndGlobalSection
	GlobalSection(ProjectConfigurationPlatforms) = postSolution
		{BBB1E2F5-53BD-49FA-974F-90DD3F307BF3}.Debug|Any CPU.ActiveCfg = Debug|Any CPU
		{BBB1E2F5-53BD-49FA-974F-90DD3F307BF3}.Debug|Any CPU.Build.0 = Debug|Any CPU
		{BBB1E2F5-53BD-49FA-974F-90DD3F307BF3}.Release|Any CPU.ActiveCfg = Release|Any CPU
		{BBB1E2F5-53BD-49FA-974F-90DD3F307BF3}.Release|Any CPU.Build.0 = Release|Any CPU
		{D7C1B027-06BA-4AED-9A7E-9A0D694A8371}.Debug|Any CPU.ActiveCfg = Debug|Any CPU
		{D7C1B027-06BA-4AED-9A7E-9A0D694A8371}.Debug|Any CPU.Build.0 = Debug|Any CPU
		{D7C1B027-06BA-4AED-9A7E-9A0D694A8371}.Release|Any CPU.ActiveCfg = Release|Any CPU
		{D7C1B027-06BA-4AED-9A7E-9A0D694A8371}.Release|Any CPU.Build.0 = Release|Any CPU
		{7B95AA70-748D-4299-A774-5C6198F306F3}.Debug|Any CPU.ActiveCfg = Debug|Any CPU
		{7B95AA70-748D-4299-A774-5C6198F306F3}.Debug|Any CPU.Build.0 = Debug|Any CPU
		{7B95AA70-748D-4299-A774-5C6198F306F3}.Release|Any CPU.ActiveCfg = Release|Any CPU
		{7B95AA70-748D-4299-A774-5C6198F306F3}.Release|Any CPU.Build.0 = Release|Any CPU
		{B27F7803-DB3B-4DA6-85FE-10BDAA256D2A}.Debug|Any CPU.ActiveCfg = Debug|Any CPU
		{B27F7803-DB3B-4DA6-85FE-10BDAA256D2A}.Debug|Any CPU.Build.0 = Debug|Any CPU
		{B27F7803-DB3B-4DA6-85FE-10BDAA256D2A}.Release|Any CPU.ActiveCfg = Release|Any CPU
		{B27F7803-DB3B-4DA6-85FE-10BDAA256D2A}.Release|Any CPU.Build.0 = Release|Any CPU
	EndGlobalSection
	GlobalSection(SolutionProperties) = preSolution
		HideSolutionNode = FALSE
	EndGlobalSection
	GlobalSection(NestedProjects) = preSolution
		{BBB1E2F5-53BD-49FA-974F-90DD3F307BF3} = {1E8E4EED-039C-4C04-AB58-1948DBB4D22C}
		{7B95AA70-748D-4299-A774-5C6198F306F3} = {1E8E4EED-039C-4C04-AB58-1948DBB4D22C}
		{B27F7803-DB3B-4DA6-85FE-10BDAA256D2A} = {1E8E4EED-039C-4C04-AB58-1948DBB4D22C}
	EndGlobalSection
	GlobalSection(ExtensibilityGlobals) = postSolution
		SolutionGuid = {857DF18D-5C4B-4B01-98FF-27E40F5CF3D8}
	EndGlobalSection
EndGlobal
